
Microsoft Visual Studio Solution File, Format Version 12.00
# Visual Studio 14
VisualStudioVersion = 14.0.25420.1
MinimumVisualStudioVersion = 10.0.40219.1
Project("{2150E333-8FDC-42A3-9474-1A3956D46DE8}") = "src", "src", "{D041937F-32C5-472F-BE65-6E1285EC0429}"
EndProject
Project("{2150E333-8FDC-42A3-9474-1A3956D46DE8}") = "project", "project", "{B9982916-F06F-4618-9804-D02854FF526A}"
	ProjectSection(SolutionItems) = preProject
		build.fsx = build.fsx
		LICENSE.txt = LICENSE.txt
		README.md = README.md
		RELEASE_NOTES.md = RELEASE_NOTES.md
	EndProjectSection
EndProject
Project("{2150E333-8FDC-42A3-9474-1A3956D46DE8}") = "NuGet", "NuGet", "{E75256E4-465E-4561-83F2-28B3853A3646}"
	ProjectSection(SolutionItems) = preProject
		nuget\ExcelDnaDoc-Template.dna = nuget\ExcelDnaDoc-Template.dna
		nuget\ExcelDnaDoc.nuspec = nuget\ExcelDnaDoc.nuspec
		nuget\install.ps1 = nuget\install.ps1
		nuget\uninstall.ps1 = nuget\uninstall.ps1
	EndProjectSection
EndProject
Project("{2150E333-8FDC-42A3-9474-1A3956D46DE8}") = "sample", "sample", "{59032046-AD44-4EF8-B9A0-B75DC1927BAD}"
EndProject
Project("{2150E333-8FDC-42A3-9474-1A3956D46DE8}") = "docs", "docs", "{34302A7E-E047-464D-9A58-6C53091326C9}"
EndProject
Project("{2150E333-8FDC-42A3-9474-1A3956D46DE8}") = "tools", "tools", "{20247996-742D-491D-841A-F8267908FD39}"
	ProjectSection(SolutionItems) = preProject
		docs\tools\generate.fsx = docs\tools\generate.fsx
		docs\tools\templates\template.cshtml = docs\tools\templates\template.cshtml
	EndProjectSection
EndProject
Project("{2150E333-8FDC-42A3-9474-1A3956D46DE8}") = "content", "content", "{ADAA0329-F9B5-4A18-A91C-5A5C27018CD0}"
	ProjectSection(SolutionItems) = preProject
		docs\content\index.md = docs\content\index.md
	EndProjectSection
EndProject
Project("{FAE04EC0-301F-11D3-BF4B-00C04F79EFBC}") = "ExcelDna.Documentation", "src\ExcelDna.Documentation\ExcelDna.Documentation.csproj", "{B46D10F6-9CE3-4E46-AD31-3C44F8D6B51F}"
EndProject
Project("{FAE04EC0-301F-11D3-BF4B-00C04F79EFBC}") = "ExcelDnaDoc", "src\ExcelDnaDoc\ExcelDnaDoc.csproj", "{498B3355-81A0-4946-AC0D-DED3B4E14A0D}"
EndProject
Project("{FAE04EC0-301F-11D3-BF4B-00C04F79EFBC}") = "MyAddIn", "src\samples\MyAddIn\MyAddIn.csproj", "{EB06A18A-DBB0-4AEE-BCE9-325C5FD362F5}"
EndProject
Project("{F2A71F9B-5D33-465A-A702-920D77279786}") = "MyLib", "src\samples\MyLib\MyLib.fsproj", "{EF06927C-F4F2-48E3-9A26-13F8F994695D}"
EndProject
Global
	GlobalSection(SolutionConfigurationPlatforms) = preSolution
		Debug|Any CPU = Debug|Any CPU
		Debug|x64 = Debug|x64
		Debug|x86 = Debug|x86
		Release|Any CPU = Release|Any CPU
		Release|x64 = Release|x64
		Release|x86 = Release|x86
	EndGlobalSection
	GlobalSection(ProjectConfigurationPlatforms) = postSolution
		{B46D10F6-9CE3-4E46-AD31-3C44F8D6B51F}.Debug|Any CPU.ActiveCfg = Debug|Any CPU
		{B46D10F6-9CE3-4E46-AD31-3C44F8D6B51F}.Debug|Any CPU.Build.0 = Debug|Any CPU
		{B46D10F6-9CE3-4E46-AD31-3C44F8D6B51F}.Debug|x64.ActiveCfg = Debug|x64
		{B46D10F6-9CE3-4E46-AD31-3C44F8D6B51F}.Debug|x64.Build.0 = Debug|x64
		{B46D10F6-9CE3-4E46-AD31-3C44F8D6B51F}.Debug|x86.ActiveCfg = Debug|x86
		{B46D10F6-9CE3-4E46-AD31-3C44F8D6B51F}.Debug|x86.Build.0 = Debug|x86
		{B46D10F6-9CE3-4E46-AD31-3C44F8D6B51F}.Release|Any CPU.ActiveCfg = Release|Any CPU
		{B46D10F6-9CE3-4E46-AD31-3C44F8D6B51F}.Release|Any CPU.Build.0 = Release|Any CPU
		{B46D10F6-9CE3-4E46-AD31-3C44F8D6B51F}.Release|x64.ActiveCfg = Release|x64
		{B46D10F6-9CE3-4E46-AD31-3C44F8D6B51F}.Release|x64.Build.0 = Release|x64
		{B46D10F6-9CE3-4E46-AD31-3C44F8D6B51F}.Release|x86.ActiveCfg = Release|x86
		{B46D10F6-9CE3-4E46-AD31-3C44F8D6B51F}.Release|x86.Build.0 = Release|x86
		{498B3355-81A0-4946-AC0D-DED3B4E14A0D}.Debug|Any CPU.ActiveCfg = Debug|Any CPU
		{498B3355-81A0-4946-AC0D-DED3B4E14A0D}.Debug|Any CPU.Build.0 = Debug|Any CPU
		{498B3355-81A0-4946-AC0D-DED3B4E14A0D}.Debug|x64.ActiveCfg = Debug|x64
		{498B3355-81A0-4946-AC0D-DED3B4E14A0D}.Debug|x64.Build.0 = Debug|x64
		{498B3355-81A0-4946-AC0D-DED3B4E14A0D}.Debug|x86.ActiveCfg = Debug|x86
		{498B3355-81A0-4946-AC0D-DED3B4E14A0D}.Debug|x86.Build.0 = Debug|x86
		{498B3355-81A0-4946-AC0D-DED3B4E14A0D}.Release|Any CPU.ActiveCfg = Release|Any CPU
		{498B3355-81A0-4946-AC0D-DED3B4E14A0D}.Release|Any CPU.Build.0 = Release|Any CPU
		{498B3355-81A0-4946-AC0D-DED3B4E14A0D}.Release|x64.ActiveCfg = Release|x64
		{498B3355-81A0-4946-AC0D-DED3B4E14A0D}.Release|x64.Build.0 = Release|x64
		{498B3355-81A0-4946-AC0D-DED3B4E14A0D}.Release|x86.ActiveCfg = Release|x86
		{498B3355-81A0-4946-AC0D-DED3B4E14A0D}.Release|x86.Build.0 = Release|x86
		{EB06A18A-DBB0-4AEE-BCE9-325C5FD362F5}.Debug|Any CPU.ActiveCfg = Debug|Any CPU
		{EB06A18A-DBB0-4AEE-BCE9-325C5FD362F5}.Debug|Any CPU.Build.0 = Debug|Any CPU
		{EB06A18A-DBB0-4AEE-BCE9-325C5FD362F5}.Debug|x64.ActiveCfg = Debug|Any CPU
		{EB06A18A-DBB0-4AEE-BCE9-325C5FD362F5}.Debug|x86.ActiveCfg = Debug|Any CPU
		{EB06A18A-DBB0-4AEE-BCE9-325C5FD362F5}.Release|Any CPU.ActiveCfg = Release|Any CPU
		{EB06A18A-DBB0-4AEE-BCE9-325C5FD362F5}.Release|Any CPU.Build.0 = Release|Any CPU
		{EB06A18A-DBB0-4AEE-BCE9-325C5FD362F5}.Release|x64.ActiveCfg = Release|Any CPU
		{EB06A18A-DBB0-4AEE-BCE9-325C5FD362F5}.Release|x86.ActiveCfg = Release|Any CPU
		{EF06927C-F4F2-48E3-9A26-13F8F994695D}.Debug|Any CPU.ActiveCfg = Debug|Any CPU
		{EF06927C-F4F2-48E3-9A26-13F8F994695D}.Debug|Any CPU.Build.0 = Debug|Any CPU
		{EF06927C-F4F2-48E3-9A26-13F8F994695D}.Debug|x64.ActiveCfg = Debug|Any CPU
		{EF06927C-F4F2-48E3-9A26-13F8F994695D}.Debug|x86.ActiveCfg = Debug|Any CPU
		{EF06927C-F4F2-48E3-9A26-13F8F994695D}.Release|Any CPU.ActiveCfg = Release|Any CPU
		{EF06927C-F4F2-48E3-9A26-13F8F994695D}.Release|Any CPU.Build.0 = Release|Any CPU
		{EF06927C-F4F2-48E3-9A26-13F8F994695D}.Release|x64.ActiveCfg = Release|Any CPU
		{EF06927C-F4F2-48E3-9A26-13F8F994695D}.Release|x86.ActiveCfg = Release|Any CPU
	EndGlobalSection
	GlobalSection(SolutionProperties) = preSolution
		HideSolutionNode = FALSE
	EndGlobalSection
	GlobalSection(NestedProjects) = preSolution
		{59032046-AD44-4EF8-B9A0-B75DC1927BAD} = {D041937F-32C5-472F-BE65-6E1285EC0429}
		{20247996-742D-491D-841A-F8267908FD39} = {34302A7E-E047-464D-9A58-6C53091326C9}
		{ADAA0329-F9B5-4A18-A91C-5A5C27018CD0} = {34302A7E-E047-464D-9A58-6C53091326C9}
		{B46D10F6-9CE3-4E46-AD31-3C44F8D6B51F} = {D041937F-32C5-472F-BE65-6E1285EC0429}
		{498B3355-81A0-4946-AC0D-DED3B4E14A0D} = {D041937F-32C5-472F-BE65-6E1285EC0429}
		{EB06A18A-DBB0-4AEE-BCE9-325C5FD362F5} = {59032046-AD44-4EF8-B9A0-B75DC1927BAD}
		{EF06927C-F4F2-48E3-9A26-13F8F994695D} = {59032046-AD44-4EF8-B9A0-B75DC1927BAD}
	EndGlobalSection
	GlobalSection(ExtensibilityGlobals) = postSolution
		SolutionGuid = {BAE9D09C-1B39-48DD-8847-11540C54ACC8}
	EndGlobalSection
EndGlobal
