
Microsoft Visual Studio Solution File, Format Version 12.00
# Visual Studio Version 17
VisualStudioVersion = 17.2.32314.265
MinimumVisualStudioVersion = 10.0.40219.1
Project("{9A19103F-16F7-4668-BE54-9A1E7A4F7556}") = "LibNET4", "src\samples\LibNET4\LibNET4.csproj", "{12A27A85-BBB8-4DA3-ADB0-966EBE958737}"
EndProject
Project("{9A19103F-16F7-4668-BE54-9A1E7A4F7556}") = "LibNET6", "src\samples\LibNET6\LibNET6.csproj", "{7180A9AD-A13B-4F11-A431-1C396A96BE4F}"
EndProject
Project("{FAE04EC0-301F-11D3-BF4B-00C04F79EFBC}") = "Lib", "src\samples\Lib\Lib.csproj", "{8D43C606-9E67-419B-BE8D-19C5978035E6}"
EndProject
Global
	GlobalSection(SolutionConfigurationPlatforms) = preSolution
		Debug|Any CPU = Debug|Any CPU
		Release|Any CPU = Release|Any CPU
	EndGlobalSection
	GlobalSection(ProjectConfigurationPlatforms) = postSolution
		{12A27A85-BBB8-4DA3-ADB0-966EBE958737}.Debug|Any CPU.ActiveCfg = Debug|Any CPU
		{12A27A85-BBB8-4DA3-ADB0-966EBE958737}.Debug|Any CPU.Build.0 = Debug|Any CPU
		{12A27A85-BBB8-4DA3-ADB0-966EBE958737}.Release|Any CPU.ActiveCfg = Release|Any CPU
		{12A27A85-BBB8-4DA3-ADB0-966EBE958737}.Release|Any CPU.Build.0 = Release|Any CPU
		{7180A9AD-A13B-4F11-A431-1C396A96BE4F}.Debug|Any CPU.ActiveCfg = Debug|Any CPU
		{7180A9AD-A13B-4F11-A431-1C396A96BE4F}.Debug|Any CPU.Build.0 = Debug|Any CPU
		{7180A9AD-A13B-4F11-A431-1C396A96BE4F}.Release|Any CPU.ActiveCfg = Release|Any CPU
		{7180A9AD-A13B-4F11-A431-1C396A96BE4F}.Release|Any CPU.Build.0 = Release|Any CPU
		{8D43C606-9E67-419B-BE8D-19C5978035E6}.Debug|Any CPU.ActiveCfg = Debug|Any CPU
		{8D43C606-9E67-419B-BE8D-19C5978035E6}.Debug|Any CPU.Build.0 = Debug|Any CPU
		{8D43C606-9E67-419B-BE8D-19C5978035E6}.Release|Any CPU.ActiveCfg = Release|Any CPU
		{8D43C606-9E67-419B-BE8D-19C5978035E6}.Release|Any CPU.Build.0 = Release|Any CPU
	EndGlobalSection
	GlobalSection(SolutionProperties) = preSolution
		HideSolutionNode = FALSE
	EndGlobalSection
	GlobalSection(ExtensibilityGlobals) = postSolution
		SolutionGuid = {EDCD5255-3D21-4253-8875-2AC10971299C}
	EndGlobalSection
EndGlobal
