
Microsoft Visual Studio Solution File, Format Version 12.00
# Visual Studio Version 17
VisualStudioVersion = 17.2.32314.265
MinimumVisualStudioVersion = 10.0.40219.1
Project("{9A19103F-16F7-4668-BE54-9A1E7A4F7556}") = "LibNET4", "src\samples\LibNET4\LibNET4.csproj", "{12A27A85-BBB8-4DA3-ADB0-966EBE958737}"
EndProject
Project("{9A19103F-16F7-4668-BE54-9A1E7A4F7556}") = "LibNET6", "src\samples\LibNET6\LibNET6.csproj", "{7180A9AD-A13B-4F11-A431-1C396A96BE4F}"
EndProject
Project("{9A19103F-16F7-4668-BE54-9A1E7A4F7556}") = "Lib", "src\samples\Lib\Lib.csproj", "{8D43C606-9E67-419B-BE8D-19C5978035E6}"
EndProject
Project("{9A19103F-16F7-4668-BE54-9A1E7A4F7556}") = "SecondLib", "src\samples\SecondLib\SecondLib.csproj", "{617B73F4-E912-4B4C-B0DC-A83CBE9CA765}"
EndProject
Project("{9A19103F-16F7-4668-BE54-9A1E7A4F7556}") = "ExcludeHidden", "src\samples\ExcludeHidden\ExcludeHidden.csproj", "{857E03D2-9416-43E1-91FF-B2B971FB4A35}"
EndProject
Project("{9A19103F-16F7-4668-BE54-9A1E7A4F7556}") = "EncodeHTML", "src\samples\EncodeHTML\EncodeHTML.csproj", "{38E0009E-E266-40CB-AEED-2547AD0B6E1D}"
EndProject
Project("{9A19103F-16F7-4668-BE54-9A1E7A4F7556}") = "Names", "src\samples\Names\Names.csproj", "{B7CCA2DD-EBEA-4B89-832F-2C5CFC97E256}"
EndProject
Project("{FAE04EC0-301F-11D3-BF4B-00C04F79EFBC}") = "LocalHelpContent", "src\samples\LocalHelpContent\LocalHelpContent.csproj", "{2CF54A76-FF68-4202-8D05-BCFBF3BA4E9C}"
EndProject
Global
	GlobalSection(SolutionConfigurationPlatforms) = preSolution
		Debug|Any CPU = Debug|Any CPU
		Release|Any CPU = Release|Any CPU
	EndGlobalSection
	GlobalSection(ProjectConfigurationPlatforms) = postSolution
		{12A27A85-BBB8-4DA3-ADB0-966EBE958737}.Debug|Any CPU.ActiveCfg = Debug|Any CPU
		{12A27A85-BBB8-4DA3-ADB0-966EBE958737}.Debug|Any CPU.Build.0 = Debug|Any CPU
		{12A27A85-BBB8-4DA3-ADB0-966EBE958737}.Release|Any CPU.ActiveCfg = Release|Any CPU
		{12A27A85-BBB8-4DA3-ADB0-966EBE958737}.Release|Any CPU.Build.0 = Release|Any CPU
		{7180A9AD-A13B-4F11-A431-1C396A96BE4F}.Debug|Any CPU.ActiveCfg = Debug|Any CPU
		{7180A9AD-A13B-4F11-A431-1C396A96BE4F}.Debug|Any CPU.Build.0 = Debug|Any CPU
		{7180A9AD-A13B-4F11-A431-1C396A96BE4F}.Release|Any CPU.ActiveCfg = Release|Any CPU
		{7180A9AD-A13B-4F11-A431-1C396A96BE4F}.Release|Any CPU.Build.0 = Release|Any CPU
		{8D43C606-9E67-419B-BE8D-19C5978035E6}.Debug|Any CPU.ActiveCfg = Debug|Any CPU
		{8D43C606-9E67-419B-BE8D-19C5978035E6}.Debug|Any CPU.Build.0 = Debug|Any CPU
		{8D43C606-9E67-419B-BE8D-19C5978035E6}.Release|Any CPU.ActiveCfg = Release|Any CPU
		{8D43C606-9E67-419B-BE8D-19C5978035E6}.Release|Any CPU.Build.0 = Release|Any CPU
		{617B73F4-E912-4B4C-B0DC-A83CBE9CA765}.Debug|Any CPU.ActiveCfg = Debug|Any CPU
		{617B73F4-E912-4B4C-B0DC-A83CBE9CA765}.Debug|Any CPU.Build.0 = Debug|Any CPU
		{617B73F4-E912-4B4C-B0DC-A83CBE9CA765}.Release|Any CPU.ActiveCfg = Release|Any CPU
		{617B73F4-E912-4B4C-B0DC-A83CBE9CA765}.Release|Any CPU.Build.0 = Release|Any CPU
		{857E03D2-9416-43E1-91FF-B2B971FB4A35}.Debug|Any CPU.ActiveCfg = Debug|Any CPU
		{857E03D2-9416-43E1-91FF-B2B971FB4A35}.Debug|Any CPU.Build.0 = Debug|Any CPU
		{857E03D2-9416-43E1-91FF-B2B971FB4A35}.Release|Any CPU.ActiveCfg = Release|Any CPU
		{857E03D2-9416-43E1-91FF-B2B971FB4A35}.Release|Any CPU.Build.0 = Release|Any CPU
		{38E0009E-E266-40CB-AEED-2547AD0B6E1D}.Debug|Any CPU.ActiveCfg = Debug|Any CPU
		{38E0009E-E266-40CB-AEED-2547AD0B6E1D}.Debug|Any CPU.Build.0 = Debug|Any CPU
		{38E0009E-E266-40CB-AEED-2547AD0B6E1D}.Release|Any CPU.ActiveCfg = Release|Any CPU
		{38E0009E-E266-40CB-AEED-2547AD0B6E1D}.Release|Any CPU.Build.0 = Release|Any CPU
		{B7CCA2DD-EBEA-4B89-832F-2C5CFC97E256}.Debug|Any CPU.ActiveCfg = Debug|Any CPU
		{B7CCA2DD-EBEA-4B89-832F-2C5CFC97E256}.Debug|Any CPU.Build.0 = Debug|Any CPU
		{B7CCA2DD-EBEA-4B89-832F-2C5CFC97E256}.Release|Any CPU.ActiveCfg = Release|Any CPU
		{B7CCA2DD-EBEA-4B89-832F-2C5CFC97E256}.Release|Any CPU.Build.0 = Release|Any CPU
		{2CF54A76-FF68-4202-8D05-BCFBF3BA4E9C}.Debug|Any CPU.ActiveCfg = Debug|Any CPU
		{2CF54A76-FF68-4202-8D05-BCFBF3BA4E9C}.Debug|Any CPU.Build.0 = Debug|Any CPU
		{2CF54A76-FF68-4202-8D05-BCFBF3BA4E9C}.Release|Any CPU.ActiveCfg = Release|Any CPU
		{2CF54A76-FF68-4202-8D05-BCFBF3BA4E9C}.Release|Any CPU.Build.0 = Release|Any CPU
	EndGlobalSection
	GlobalSection(SolutionProperties) = preSolution
		HideSolutionNode = FALSE
	EndGlobalSection
	GlobalSection(ExtensibilityGlobals) = postSolution
		SolutionGuid = {EDCD5255-3D21-4253-8875-2AC10971299C}
	EndGlobalSection
EndGlobal
